// !$*UTF8*$!
{
	archiveVersion = 1;
	classes = {
	};
	objectVersion = 56;
	objects = {

/* Begin PBXBuildFile section */
		B90F23AA2A30C50A00FFB99D /* cryptoApp.swift in Sources */ = {isa = PBXBuildFile; fileRef = B90F23A92A30C50A00FFB99D /* cryptoApp.swift */; };
		B90F23AC2A30C50A00FFB99D /* ContentView.swift in Sources */ = {isa = PBXBuildFile; fileRef = B90F23AB2A30C50A00FFB99D /* ContentView.swift */; };
		B90F23AE2A30C50C00FFB99D /* Assets.xcassets in Resources */ = {isa = PBXBuildFile; fileRef = B90F23AD2A30C50C00FFB99D /* Assets.xcassets */; };
		B90F23B12A30C50C00FFB99D /* Preview Assets.xcassets in Resources */ = {isa = PBXBuildFile; fileRef = B90F23B02A30C50C00FFB99D /* Preview Assets.xcassets */; };
		B90F23BB2A30C50D00FFB99D /* cryptoTests.swift in Sources */ = {isa = PBXBuildFile; fileRef = B90F23BA2A30C50D00FFB99D /* cryptoTests.swift */; };
		B90F23C52A30C50D00FFB99D /* cryptoUITests.swift in Sources */ = {isa = PBXBuildFile; fileRef = B90F23C42A30C50D00FFB99D /* cryptoUITests.swift */; };
		B90F23C72A30C50D00FFB99D /* cryptoUITestsLaunchTests.swift in Sources */ = {isa = PBXBuildFile; fileRef = B90F23C62A30C50D00FFB99D /* cryptoUITestsLaunchTests.swift */; };
		B90F23D42A30DAFF00FFB99D /* Cryptocurrency.swift in Sources */ = {isa = PBXBuildFile; fileRef = B90F23D32A30DAFF00FFB99D /* Cryptocurrency.swift */; };
		B90F23D62A30DB1A00FFB99D /* ApiService.swift in Sources */ = {isa = PBXBuildFile; fileRef = B90F23D52A30DB1A00FFB99D /* ApiService.swift */; };
		B90F23DA2A30DB9C00FFB99D /* CryptoViewModel.swift in Sources */ = {isa = PBXBuildFile; fileRef = B90F23D92A30DB9C00FFB99D /* CryptoViewModel.swift */; };
		B90F23DC2A30F47400FFB99D /* CardView.swift in Sources */ = {isa = PBXBuildFile; fileRef = B90F23DB2A30F47400FFB99D /* CardView.swift */; };
		B90F23DF2A311B2800FFB99D /* CryptoDataModel.xcdatamodeld in Sources */ = {isa = PBXBuildFile; fileRef = B90F23DD2A311B2800FFB99D /* CryptoDataModel.xcdatamodeld */; };
		B90F23E22A311BF900FFB99D /* PersistentController.swift in Sources */ = {isa = PBXBuildFile; fileRef = B90F23E12A311BF900FFB99D /* PersistentController.swift */; };
		B9BCFD9C2A312200005FB791 /* LocalCoin+CoreDataClass.swift in Sources */ = {isa = PBXBuildFile; fileRef = B9BCFD9A2A312200005FB791 /* LocalCoin+CoreDataClass.swift */; };
		B9BCFD9D2A312200005FB791 /* LocalCoin+CoreDataProperties.swift in Sources */ = {isa = PBXBuildFile; fileRef = B9BCFD9B2A312200005FB791 /* LocalCoin+CoreDataProperties.swift */; };
		B9BCFDA02A31D5F0005FB791 /* LocalCoinView.swift in Sources */ = {isa = PBXBuildFile; fileRef = B9BCFD9F2A31D5F0005FB791 /* LocalCoinView.swift */; };
		B9BCFDA22A323818005FB791 /* LocalCoinDetailView.swift in Sources */ = {isa = PBXBuildFile; fileRef = B9BCFDA12A323818005FB791 /* LocalCoinDetailView.swift */; };
		B9BCFDA42A323E2E005FB791 /* CoinWebsiteView.swift in Sources */ = {isa = PBXBuildFile; fileRef = B9BCFDA32A323E2E005FB791 /* CoinWebsiteView.swift */; };
		B9BCFDA72A323F54005FB791 /* WebView.swift in Sources */ = {isa = PBXBuildFile; fileRef = B9BCFDA62A323F54005FB791 /* WebView.swift */; };
		B9BCFDA92A324442005FB791 /* CoinWebsite.swift in Sources */ = {isa = PBXBuildFile; fileRef = B9BCFDA82A324442005FB791 /* CoinWebsite.swift */; };
/* End PBXBuildFile section */

/* Begin PBXContainerItemProxy section */
		B90F23B72A30C50D00FFB99D /* PBXContainerItemProxy */ = {
			isa = PBXContainerItemProxy;
			containerPortal = B90F239E2A30C50A00FFB99D /* Project object */;
			proxyType = 1;
			remoteGlobalIDString = B90F23A52A30C50A00FFB99D;
			remoteInfo = crypto;
		};
		B90F23C12A30C50D00FFB99D /* PBXContainerItemProxy */ = {
			isa = PBXContainerItemProxy;
			containerPortal = B90F239E2A30C50A00FFB99D /* Project object */;
			proxyType = 1;
			remoteGlobalIDString = B90F23A52A30C50A00FFB99D;
			remoteInfo = crypto;
		};
/* End PBXContainerItemProxy section */

/* Begin PBXFileReference section */
		B90F23A62A30C50A00FFB99D /* crypto.app */ = {isa = PBXFileReference; explicitFileType = wrapper.application; includeInIndex = 0; path = crypto.app; sourceTree = BUILT_PRODUCTS_DIR; };
		B90F23A92A30C50A00FFB99D /* cryptoApp.swift */ = {isa = PBXFileReference; lastKnownFileType = sourcecode.swift; path = cryptoApp.swift; sourceTree = "<group>"; };
		B90F23AB2A30C50A00FFB99D /* ContentView.swift */ = {isa = PBXFileReference; lastKnownFileType = sourcecode.swift; path = ContentView.swift; sourceTree = "<group>"; };
		B90F23AD2A30C50C00FFB99D /* Assets.xcassets */ = {isa = PBXFileReference; lastKnownFileType = folder.assetcatalog; path = Assets.xcassets; sourceTree = "<group>"; };
		B90F23B02A30C50C00FFB99D /* Preview Assets.xcassets */ = {isa = PBXFileReference; lastKnownFileType = folder.assetcatalog; path = "Preview Assets.xcassets"; sourceTree = "<group>"; };
		B90F23B62A30C50D00FFB99D /* cryptoTests.xctest */ = {isa = PBXFileReference; explicitFileType = wrapper.cfbundle; includeInIndex = 0; path = cryptoTests.xctest; sourceTree = BUILT_PRODUCTS_DIR; };
		B90F23BA2A30C50D00FFB99D /* cryptoTests.swift */ = {isa = PBXFileReference; lastKnownFileType = sourcecode.swift; path = cryptoTests.swift; sourceTree = "<group>"; };
		B90F23C02A30C50D00FFB99D /* cryptoUITests.xctest */ = {isa = PBXFileReference; explicitFileType = wrapper.cfbundle; includeInIndex = 0; path = cryptoUITests.xctest; sourceTree = BUILT_PRODUCTS_DIR; };
		B90F23C42A30C50D00FFB99D /* cryptoUITests.swift */ = {isa = PBXFileReference; lastKnownFileType = sourcecode.swift; path = cryptoUITests.swift; sourceTree = "<group>"; };
		B90F23C62A30C50D00FFB99D /* cryptoUITestsLaunchTests.swift */ = {isa = PBXFileReference; lastKnownFileType = sourcecode.swift; path = cryptoUITestsLaunchTests.swift; sourceTree = "<group>"; };
		B90F23D32A30DAFF00FFB99D /* Cryptocurrency.swift */ = {isa = PBXFileReference; lastKnownFileType = sourcecode.swift; path = Cryptocurrency.swift; sourceTree = "<group>"; };
		B90F23D52A30DB1A00FFB99D /* ApiService.swift */ = {isa = PBXFileReference; lastKnownFileType = sourcecode.swift; path = ApiService.swift; sourceTree = "<group>"; };
		B90F23D92A30DB9C00FFB99D /* CryptoViewModel.swift */ = {isa = PBXFileReference; lastKnownFileType = sourcecode.swift; path = CryptoViewModel.swift; sourceTree = "<group>"; };
		B90F23DB2A30F47400FFB99D /* CardView.swift */ = {isa = PBXFileReference; lastKnownFileType = sourcecode.swift; path = CardView.swift; sourceTree = "<group>"; };
		B90F23DE2A311B2800FFB99D /* CryptoDataModel.xcdatamodel */ = {isa = PBXFileReference; lastKnownFileType = wrapper.xcdatamodel; path = CryptoDataModel.xcdatamodel; sourceTree = "<group>"; };
		B90F23E12A311BF900FFB99D /* PersistentController.swift */ = {isa = PBXFileReference; lastKnownFileType = sourcecode.swift; path = PersistentController.swift; sourceTree = "<group>"; };
		B9BCFD9A2A312200005FB791 /* LocalCoin+CoreDataClass.swift */ = {isa = PBXFileReference; lastKnownFileType = sourcecode.swift; name = "LocalCoin+CoreDataClass.swift"; path = "crypto/Model/LocalCoin+CoreDataClass.swift"; sourceTree = "<group>"; };
		B9BCFD9B2A312200005FB791 /* LocalCoin+CoreDataProperties.swift */ = {isa = PBXFileReference; lastKnownFileType = sourcecode.swift; name = "LocalCoin+CoreDataProperties.swift"; path = "crypto/Model/LocalCoin+CoreDataProperties.swift"; sourceTree = "<group>"; };
		B9BCFD9F2A31D5F0005FB791 /* LocalCoinView.swift */ = {isa = PBXFileReference; lastKnownFileType = sourcecode.swift; path = LocalCoinView.swift; sourceTree = "<group>"; };
		B9BCFDA12A323818005FB791 /* LocalCoinDetailView.swift */ = {isa = PBXFileReference; lastKnownFileType = sourcecode.swift; path = LocalCoinDetailView.swift; sourceTree = "<group>"; };
		B9BCFDA32A323E2E005FB791 /* CoinWebsiteView.swift */ = {isa = PBXFileReference; lastKnownFileType = sourcecode.swift; path = CoinWebsiteView.swift; sourceTree = "<group>"; };
		B9BCFDA62A323F54005FB791 /* WebView.swift */ = {isa = PBXFileReference; lastKnownFileType = sourcecode.swift; path = WebView.swift; sourceTree = "<group>"; };
		B9BCFDA82A324442005FB791 /* CoinWebsite.swift */ = {isa = PBXFileReference; lastKnownFileType = sourcecode.swift; path = CoinWebsite.swift; sourceTree = "<group>"; };
/* End PBXFileReference section */

/* Begin PBXFrameworksBuildPhase section */
		B90F23A32A30C50A00FFB99D /* Frameworks */ = {
			isa = PBXFrameworksBuildPhase;
			buildActionMask = 2147483647;
			files = (
			);
			runOnlyForDeploymentPostprocessing = 0;
		};
		B90F23B32A30C50D00FFB99D /* Frameworks */ = {
			isa = PBXFrameworksBuildPhase;
			buildActionMask = 2147483647;
			files = (
			);
			runOnlyForDeploymentPostprocessing = 0;
		};
		B90F23BD2A30C50D00FFB99D /* Frameworks */ = {
			isa = PBXFrameworksBuildPhase;
			buildActionMask = 2147483647;
			files = (
			);
			runOnlyForDeploymentPostprocessing = 0;
		};
/* End PBXFrameworksBuildPhase section */

/* Begin PBXGroup section */
		B90F239D2A30C50A00FFB99D = {
			isa = PBXGroup;
			children = (
				B9BCFD9A2A312200005FB791 /* LocalCoin+CoreDataClass.swift */,
				B9BCFD9B2A312200005FB791 /* LocalCoin+CoreDataProperties.swift */,
				B90F23DD2A311B2800FFB99D /* CryptoDataModel.xcdatamodeld */,
				B90F23A82A30C50A00FFB99D /* crypto */,
				B90F23B92A30C50D00FFB99D /* cryptoTests */,
				B90F23C32A30C50D00FFB99D /* cryptoUITests */,
				B90F23A72A30C50A00FFB99D /* Products */,
			);
			sourceTree = "<group>";
		};
		B90F23A72A30C50A00FFB99D /* Products */ = {
			isa = PBXGroup;
			children = (
				B90F23A62A30C50A00FFB99D /* crypto.app */,
				B90F23B62A30C50D00FFB99D /* cryptoTests.xctest */,
				B90F23C02A30C50D00FFB99D /* cryptoUITests.xctest */,
			);
			name = Products;
			sourceTree = "<group>";
		};
		B90F23A82A30C50A00FFB99D /* crypto */ = {
			isa = PBXGroup;
			children = (
				B9BCFDA52A323F47005FB791 /* pages */,
				B9BCFD9E2A31D5DC005FB791 /* ui */,
				B90F23E02A311BE600FFB99D /* data */,
				B90F23D82A30DB8600FFB99D /* ViewModel */,
				B90F23D72A30DB2100FFB99D /* Model */,
				B90F23A92A30C50A00FFB99D /* cryptoApp.swift */,
				B90F23AB2A30C50A00FFB99D /* ContentView.swift */,
				B90F23AD2A30C50C00FFB99D /* Assets.xcassets */,
				B90F23AF2A30C50C00FFB99D /* Preview Content */,
				B90F23D52A30DB1A00FFB99D /* ApiService.swift */,
				B90F23DB2A30F47400FFB99D /* CardView.swift */,
				B9BCFD9F2A31D5F0005FB791 /* LocalCoinView.swift */,
				B9BCFDA12A323818005FB791 /* LocalCoinDetailView.swift */,
				B9BCFDA32A323E2E005FB791 /* CoinWebsiteView.swift */,
				B9BCFDA62A323F54005FB791 /* WebView.swift */,
				B9BCFDA82A324442005FB791 /* CoinWebsite.swift */,
			);
			path = crypto;
			sourceTree = "<group>";
		};
		B90F23AF2A30C50C00FFB99D /* Preview Content */ = {
			isa = PBXGroup;
			children = (
				B90F23B02A30C50C00FFB99D /* Preview Assets.xcassets */,
			);
			path = "Preview Content";
			sourceTree = "<group>";
		};
		B90F23B92A30C50D00FFB99D /* cryptoTests */ = {
			isa = PBXGroup;
			children = (
				B90F23BA2A30C50D00FFB99D /* cryptoTests.swift */,
			);
			path = cryptoTests;
			sourceTree = "<group>";
		};
		B90F23C32A30C50D00FFB99D /* cryptoUITests */ = {
			isa = PBXGroup;
			children = (
				B90F23C42A30C50D00FFB99D /* cryptoUITests.swift */,
				B90F23C62A30C50D00FFB99D /* cryptoUITestsLaunchTests.swift */,
			);
			path = cryptoUITests;
			sourceTree = "<group>";
		};
		B90F23D72A30DB2100FFB99D /* Model */ = {
			isa = PBXGroup;
			children = (
				B90F23D32A30DAFF00FFB99D /* Cryptocurrency.swift */,
			);
			path = Model;
			sourceTree = "<group>";
		};
		B90F23D82A30DB8600FFB99D /* ViewModel */ = {
			isa = PBXGroup;
			children = (
				B90F23D92A30DB9C00FFB99D /* CryptoViewModel.swift */,
			);
			path = ViewModel;
			sourceTree = "<group>";
		};
		B90F23E02A311BE600FFB99D /* data */ = {
			isa = PBXGroup;
			children = (
				B90F23E12A311BF900FFB99D /* PersistentController.swift */,
			);
			path = data;
			sourceTree = "<group>";
		};
		B9BCFD9E2A31D5DC005FB791 /* ui */ = {
			isa = PBXGroup;
			children = (
			);
			path = ui;
			sourceTree = "<group>";
		};
		B9BCFDA52A323F47005FB791 /* pages */ = {
			isa = PBXGroup;
			children = (
			);
			path = pages;
			sourceTree = "<group>";
		};
/* End PBXGroup section */

/* Begin PBXNativeTarget section */
		B90F23A52A30C50A00FFB99D /* crypto */ = {
			isa = PBXNativeTarget;
			buildConfigurationList = B90F23CA2A30C50D00FFB99D /* Build configuration list for PBXNativeTarget "crypto" */;
			buildPhases = (
				B90F23A22A30C50A00FFB99D /* Sources */,
				B90F23A32A30C50A00FFB99D /* Frameworks */,
				B90F23A42A30C50A00FFB99D /* Resources */,
			);
			buildRules = (
			);
			dependencies = (
			);
			name = crypto;
			productName = crypto;
			productReference = B90F23A62A30C50A00FFB99D /* crypto.app */;
			productType = "com.apple.product-type.application";
		};
		B90F23B52A30C50D00FFB99D /* cryptoTests */ = {
			isa = PBXNativeTarget;
			buildConfigurationList = B90F23CD2A30C50D00FFB99D /* Build configuration list for PBXNativeTarget "cryptoTests" */;
			buildPhases = (
				B90F23B22A30C50D00FFB99D /* Sources */,
				B90F23B32A30C50D00FFB99D /* Frameworks */,
				B90F23B42A30C50D00FFB99D /* Resources */,
			);
			buildRules = (
			);
			dependencies = (
				B90F23B82A30C50D00FFB99D /* PBXTargetDependency */,
			);
			name = cryptoTests;
			productName = cryptoTests;
			productReference = B90F23B62A30C50D00FFB99D /* cryptoTests.xctest */;
			productType = "com.apple.product-type.bundle.unit-test";
		};
		B90F23BF2A30C50D00FFB99D /* cryptoUITests */ = {
			isa = PBXNativeTarget;
			buildConfigurationList = B90F23D02A30C50D00FFB99D /* Build configuration list for PBXNativeTarget "cryptoUITests" */;
			buildPhases = (
				B90F23BC2A30C50D00FFB99D /* Sources */,
				B90F23BD2A30C50D00FFB99D /* Frameworks */,
				B90F23BE2A30C50D00FFB99D /* Resources */,
			);
			buildRules = (
			);
			dependencies = (
				B90F23C22A30C50D00FFB99D /* PBXTargetDependency */,
			);
			name = cryptoUITests;
			productName = cryptoUITests;
			productReference = B90F23C02A30C50D00FFB99D /* cryptoUITests.xctest */;
			productType = "com.apple.product-type.bundle.ui-testing";
		};
/* End PBXNativeTarget section */

/* Begin PBXProject section */
		B90F239E2A30C50A00FFB99D /* Project object */ = {
			isa = PBXProject;
			attributes = {
				BuildIndependentTargetsInParallel = 1;
				LastSwiftUpdateCheck = 1430;
				LastUpgradeCheck = 1430;
				TargetAttributes = {
					B90F23A52A30C50A00FFB99D = {
						CreatedOnToolsVersion = 14.3.1;
					};
					B90F23B52A30C50D00FFB99D = {
						CreatedOnToolsVersion = 14.3.1;
						TestTargetID = B90F23A52A30C50A00FFB99D;
					};
					B90F23BF2A30C50D00FFB99D = {
						CreatedOnToolsVersion = 14.3.1;
						TestTargetID = B90F23A52A30C50A00FFB99D;
					};
				};
			};
			buildConfigurationList = B90F23A12A30C50A00FFB99D /* Build configuration list for PBXProject "crypto" */;
			compatibilityVersion = "Xcode 14.0";
			developmentRegion = en;
			hasScannedForEncodings = 0;
			knownRegions = (
				en,
				Base,
			);
			mainGroup = B90F239D2A30C50A00FFB99D;
			productRefGroup = B90F23A72A30C50A00FFB99D /* Products */;
			projectDirPath = "";
			projectRoot = "";
			targets = (
				B90F23A52A30C50A00FFB99D /* crypto */,
				B90F23B52A30C50D00FFB99D /* cryptoTests */,
				B90F23BF2A30C50D00FFB99D /* cryptoUITests */,
			);
		};
/* End PBXProject section */

/* Begin PBXResourcesBuildPhase section */
		B90F23A42A30C50A00FFB99D /* Resources */ = {
			isa = PBXResourcesBuildPhase;
			buildActionMask = 2147483647;
			files = (
				B90F23B12A30C50C00FFB99D /* Preview Assets.xcassets in Resources */,
				B90F23AE2A30C50C00FFB99D /* Assets.xcassets in Resources */,
			);
			runOnlyForDeploymentPostprocessing = 0;
		};
		B90F23B42A30C50D00FFB99D /* Resources */ = {
			isa = PBXResourcesBuildPhase;
			buildActionMask = 2147483647;
			files = (
			);
			runOnlyForDeploymentPostprocessing = 0;
		};
		B90F23BE2A30C50D00FFB99D /* Resources */ = {
			isa = PBXResourcesBuildPhase;
			buildActionMask = 2147483647;
			files = (
			);
			runOnlyForDeploymentPostprocessing = 0;
		};
/* End PBXResourcesBuildPhase section */

/* Begin PBXSourcesBuildPhase section */
		B90F23A22A30C50A00FFB99D /* Sources */ = {
			isa = PBXSourcesBuildPhase;
			buildActionMask = 2147483647;
			files = (
				B90F23AC2A30C50A00FFB99D /* ContentView.swift in Sources */,
				B9BCFD9D2A312200005FB791 /* LocalCoin+CoreDataProperties.swift in Sources */,
				B9BCFDA22A323818005FB791 /* LocalCoinDetailView.swift in Sources */,
				B90F23D42A30DAFF00FFB99D /* Cryptocurrency.swift in Sources */,
				B9BCFDA42A323E2E005FB791 /* CoinWebsiteView.swift in Sources */,
				B90F23E22A311BF900FFB99D /* PersistentController.swift in Sources */,
				B90F23D62A30DB1A00FFB99D /* ApiService.swift in Sources */,
				B90F23AA2A30C50A00FFB99D /* cryptoApp.swift in Sources */,
				B9BCFDA92A324442005FB791 /* CoinWebsite.swift in Sources */,
				B9BCFD9C2A312200005FB791 /* LocalCoin+CoreDataClass.swift in Sources */,
				B90F23DC2A30F47400FFB99D /* CardView.swift in Sources */,
				B9BCFDA02A31D5F0005FB791 /* LocalCoinView.swift in Sources */,
				B90F23DA2A30DB9C00FFB99D /* CryptoViewModel.swift in Sources */,
				B90F23DF2A311B2800FFB99D /* CryptoDataModel.xcdatamodeld in Sources */,
				B9BCFDA72A323F54005FB791 /* WebView.swift in Sources */,
			);
			runOnlyForDeploymentPostprocessing = 0;
		};
		B90F23B22A30C50D00FFB99D /* Sources */ = {
			isa = PBXSourcesBuildPhase;
			buildActionMask = 2147483647;
			files = (
				B90F23BB2A30C50D00FFB99D /* cryptoTests.swift in Sources */,
			);
			runOnlyForDeploymentPostprocessing = 0;
		};
		B90F23BC2A30C50D00FFB99D /* Sources */ = {
			isa = PBXSourcesBuildPhase;
			buildActionMask = 2147483647;
			files = (
				B90F23C52A30C50D00FFB99D /* cryptoUITests.swift in Sources */,
				B90F23C72A30C50D00FFB99D /* cryptoUITestsLaunchTests.swift in Sources */,
			);
			runOnlyForDeploymentPostprocessing = 0;
		};
/* End PBXSourcesBuildPhase section */

/* Begin PBXTargetDependency section */
		B90F23B82A30C50D00FFB99D /* PBXTargetDependency */ = {
			isa = PBXTargetDependency;
			target = B90F23A52A30C50A00FFB99D /* crypto */;
			targetProxy = B90F23B72A30C50D00FFB99D /* PBXContainerItemProxy */;
		};
		B90F23C22A30C50D00FFB99D /* PBXTargetDependency */ = {
			isa = PBXTargetDependency;
			target = B90F23A52A30C50A00FFB99D /* crypto */;
			targetProxy = B90F23C12A30C50D00FFB99D /* PBXContainerItemProxy */;
		};
/* End PBXTargetDependency section */

/* Begin XCBuildConfiguration section */
		B90F23C82A30C50D00FFB99D /* Debug */ = {
			isa = XCBuildConfiguration;
			buildSettings = {
				ALWAYS_SEARCH_USER_PATHS = NO;
				CLANG_ANALYZER_NONNULL = YES;
				CLANG_ANALYZER_NUMBER_OBJECT_CONVERSION = YES_AGGRESSIVE;
				CLANG_CXX_LANGUAGE_STANDARD = "gnu++20";
				CLANG_ENABLE_MODULES = YES;
				CLANG_ENABLE_OBJC_ARC = YES;
				CLANG_ENABLE_OBJC_WEAK = YES;
				CLANG_WARN_BLOCK_CAPTURE_AUTORELEASING = YES;
				CLANG_WARN_BOOL_CONVERSION = YES;
				CLANG_WARN_COMMA = YES;
				CLANG_WARN_CONSTANT_CONVERSION = YES;
				CLANG_WARN_DEPRECATED_OBJC_IMPLEMENTATIONS = YES;
				CLANG_WARN_DIRECT_OBJC_ISA_USAGE = YES_ERROR;
				CLANG_WARN_DOCUMENTATION_COMMENTS = YES;
				CLANG_WARN_EMPTY_BODY = YES;
				CLANG_WARN_ENUM_CONVERSION = YES;
				CLANG_WARN_INFINITE_RECURSION = YES;
				CLANG_WARN_INT_CONVERSION = YES;
				CLANG_WARN_NON_LITERAL_NULL_CONVERSION = YES;
				CLANG_WARN_OBJC_IMPLICIT_RETAIN_SELF = YES;
				CLANG_WARN_OBJC_LITERAL_CONVERSION = YES;
				CLANG_WARN_OBJC_ROOT_CLASS = YES_ERROR;
				CLANG_WARN_QUOTED_INCLUDE_IN_FRAMEWORK_HEADER = YES;
				CLANG_WARN_RANGE_LOOP_ANALYSIS = YES;
				CLANG_WARN_STRICT_PROTOTYPES = YES;
				CLANG_WARN_SUSPICIOUS_MOVE = YES;
				CLANG_WARN_UNGUARDED_AVAILABILITY = YES_AGGRESSIVE;
				CLANG_WARN_UNREACHABLE_CODE = YES;
				CLANG_WARN__DUPLICATE_METHOD_MATCH = YES;
				COPY_PHASE_STRIP = NO;
				DEBUG_INFORMATION_FORMAT = dwarf;
				ENABLE_STRICT_OBJC_MSGSEND = YES;
				ENABLE_TESTABILITY = YES;
				GCC_C_LANGUAGE_STANDARD = gnu11;
				GCC_DYNAMIC_NO_PIC = NO;
				GCC_NO_COMMON_BLOCKS = YES;
				GCC_OPTIMIZATION_LEVEL = 0;
				GCC_PREPROCESSOR_DEFINITIONS = (
					"DEBUG=1",
					"$(inherited)",
				);
				GCC_WARN_64_TO_32_BIT_CONVERSION = YES;
				GCC_WARN_ABOUT_RETURN_TYPE = YES_ERROR;
				GCC_WARN_UNDECLARED_SELECTOR = YES;
				GCC_WARN_UNINITIALIZED_AUTOS = YES_AGGRESSIVE;
				GCC_WARN_UNUSED_FUNCTION = YES;
				GCC_WARN_UNUSED_VARIABLE = YES;
				IPHONEOS_DEPLOYMENT_TARGET = 16.4;
				MTL_ENABLE_DEBUG_INFO = INCLUDE_SOURCE;
				MTL_FAST_MATH = YES;
				ONLY_ACTIVE_ARCH = YES;
				SDKROOT = iphoneos;
				SWIFT_ACTIVE_COMPILATION_CONDITIONS = DEBUG;
				SWIFT_OPTIMIZATION_LEVEL = "-Onone";
			};
			name = Debug;
		};
		B90F23C92A30C50D00FFB99D /* Release */ = {
			isa = XCBuildConfiguration;
			buildSettings = {
				ALWAYS_SEARCH_USER_PATHS = NO;
				CLANG_ANALYZER_NONNULL = YES;
				CLANG_ANALYZER_NUMBER_OBJECT_CONVERSION = YES_AGGRESSIVE;
				CLANG_CXX_LANGUAGE_STANDARD = "gnu++20";
				CLANG_ENABLE_MODULES = YES;
				CLANG_ENABLE_OBJC_ARC = YES;
				CLANG_ENABLE_OBJC_WEAK = YES;
				CLANG_WARN_BLOCK_CAPTURE_AUTORELEASING = YES;
				CLANG_WARN_BOOL_CONVERSION = YES;
				CLANG_WARN_COMMA = YES;
				CLANG_WARN_CONSTANT_CONVERSION = YES;
				CLANG_WARN_DEPRECATED_OBJC_IMPLEMENTATIONS = YES;
				CLANG_WARN_DIRECT_OBJC_ISA_USAGE = YES_ERROR;
				CLANG_WARN_DOCUMENTATION_COMMENTS = YES;
				CLANG_WARN_EMPTY_BODY = YES;
				CLANG_WARN_ENUM_CONVERSION = YES;
				CLANG_WARN_INFINITE_RECURSION = YES;
				CLANG_WARN_INT_CONVERSION = YES;
				CLANG_WARN_NON_LITERAL_NULL_CONVERSION = YES;
				CLANG_WARN_OBJC_IMPLICIT_RETAIN_SELF = YES;
				CLANG_WARN_OBJC_LITERAL_CONVERSION = YES;
				CLANG_WARN_OBJC_ROOT_CLASS = YES_ERROR;
				CLANG_WARN_QUOTED_INCLUDE_IN_FRAMEWORK_HEADER = YES;
				CLANG_WARN_RANGE_LOOP_ANALYSIS = YES;
				CLANG_WARN_STRICT_PROTOTYPES = YES;
				CLANG_WARN_SUSPICIOUS_MOVE = YES;
				CLANG_WARN_UNGUARDED_AVAILABILITY = YES_AGGRESSIVE;
				CLANG_WARN_UNREACHABLE_CODE = YES;
				CLANG_WARN__DUPLICATE_METHOD_MATCH = YES;
				COPY_PHASE_STRIP = NO;
				DEBUG_INFORMATION_FORMAT = "dwarf-with-dsym";
				ENABLE_NS_ASSERTIONS = NO;
				ENABLE_STRICT_OBJC_MSGSEND = YES;
				GCC_C_LANGUAGE_STANDARD = gnu11;
				GCC_NO_COMMON_BLOCKS = YES;
				GCC_WARN_64_TO_32_BIT_CONVERSION = YES;
				GCC_WARN_ABOUT_RETURN_TYPE = YES_ERROR;
				GCC_WARN_UNDECLARED_SELECTOR = YES;
				GCC_WARN_UNINITIALIZED_AUTOS = YES_AGGRESSIVE;
				GCC_WARN_UNUSED_FUNCTION = YES;
				GCC_WARN_UNUSED_VARIABLE = YES;
				IPHONEOS_DEPLOYMENT_TARGET = 16.4;
				MTL_ENABLE_DEBUG_INFO = NO;
				MTL_FAST_MATH = YES;
				SDKROOT = iphoneos;
				SWIFT_COMPILATION_MODE = wholemodule;
				SWIFT_OPTIMIZATION_LEVEL = "-O";
				VALIDATE_PRODUCT = YES;
			};
			name = Release;
		};
		B90F23CB2A30C50D00FFB99D /* Debug */ = {
			isa = XCBuildConfiguration;
			buildSettings = {
				ASSETCATALOG_COMPILER_APPICON_NAME = AppIcon;
				ASSETCATALOG_COMPILER_GLOBAL_ACCENT_COLOR_NAME = AccentColor;
				CODE_SIGN_STYLE = Automatic;
				CURRENT_PROJECT_VERSION = 1;
				DEVELOPMENT_ASSET_PATHS = "\"crypto/Preview Content\"";
				ENABLE_PREVIEWS = YES;
				GENERATE_INFOPLIST_FILE = YES;
				INFOPLIST_KEY_UIApplicationSceneManifest_Generation = YES;
				INFOPLIST_KEY_UIApplicationSupportsIndirectInputEvents = YES;
				INFOPLIST_KEY_UILaunchScreen_Generation = YES;
				INFOPLIST_KEY_UISupportedInterfaceOrientations_iPad = "UIInterfaceOrientationPortrait UIInterfaceOrientationPortraitUpsideDown UIInterfaceOrientationLandscapeLeft UIInterfaceOrientationLandscapeRight";
				INFOPLIST_KEY_UISupportedInterfaceOrientations_iPhone = "UIInterfaceOrientationPortrait UIInterfaceOrientationLandscapeLeft UIInterfaceOrientationLandscapeRight";
				LD_RUNPATH_SEARCH_PATHS = (
					"$(inherited)",
					"@executable_path/Frameworks",
				);
				MARKETING_VERSION = 1.0;
				PRODUCT_BUNDLE_IDENTIFIER = com.paul.crypto;
				PRODUCT_NAME = "$(TARGET_NAME)";
				SWIFT_EMIT_LOC_STRINGS = YES;
				SWIFT_VERSION = 5.0;
				TARGETED_DEVICE_FAMILY = "1,2";
			};
			name = Debug;
		};
		B90F23CC2A30C50D00FFB99D /* Release */ = {
			isa = XCBuildConfiguration;
			buildSettings = {
				ASSETCATALOG_COMPILER_APPICON_NAME = AppIcon;
				ASSETCATALOG_COMPILER_GLOBAL_ACCENT_COLOR_NAME = AccentColor;
				CODE_SIGN_STYLE = Automatic;
				CURRENT_PROJECT_VERSION = 1;
				DEVELOPMENT_ASSET_PATHS = "\"crypto/Preview Content\"";
				ENABLE_PREVIEWS = YES;
				GENERATE_INFOPLIST_FILE = YES;
				INFOPLIST_KEY_UIApplicationSceneManifest_Generation = YES;
				INFOPLIST_KEY_UIApplicationSupportsIndirectInputEvents = YES;
				INFOPLIST_KEY_UILaunchScreen_Generation = YES;
				INFOPLIST_KEY_UISupportedInterfaceOrientations_iPad = "UIInterfaceOrientationPortrait UIInterfaceOrientationPortraitUpsideDown UIInterfaceOrientationLandscapeLeft UIInterfaceOrientationLandscapeRight";
				INFOPLIST_KEY_UISupportedInterfaceOrientations_iPhone = "UIInterfaceOrientationPortrait UIInterfaceOrientationLandscapeLeft UIInterfaceOrientationLandscapeRight";
				LD_RUNPATH_SEARCH_PATHS = (
					"$(inherited)",
					"@executable_path/Frameworks",
				);
				MARKETING_VERSION = 1.0;
				PRODUCT_BUNDLE_IDENTIFIER = com.paul.crypto;
				PRODUCT_NAME = "$(TARGET_NAME)";
				SWIFT_EMIT_LOC_STRINGS = YES;
				SWIFT_VERSION = 5.0;
				TARGETED_DEVICE_FAMILY = "1,2";
			};
			name = Release;
		};
		B90F23CE2A30C50D00FFB99D /* Debug */ = {
			isa = XCBuildConfiguration;
			buildSettings = {
				ALWAYS_EMBED_SWIFT_STANDARD_LIBRARIES = YES;
				BUNDLE_LOADER = "$(TEST_HOST)";
				CODE_SIGN_STYLE = Automatic;
				CURRENT_PROJECT_VERSION = 1;
				GENERATE_INFOPLIST_FILE = YES;
				IPHONEOS_DEPLOYMENT_TARGET = 16.4;
				MARKETING_VERSION = 1.0;
				PRODUCT_BUNDLE_IDENTIFIER = com.paul.cryptoTests;
				PRODUCT_NAME = "$(TARGET_NAME)";
				SWIFT_EMIT_LOC_STRINGS = NO;
				SWIFT_VERSION = 5.0;
				TARGETED_DEVICE_FAMILY = "1,2";
				TEST_HOST = "$(BUILT_PRODUCTS_DIR)/crypto.app/$(BUNDLE_EXECUTABLE_FOLDER_PATH)/crypto";
			};
			name = Debug;
		};
		B90F23CF2A30C50D00FFB99D /* Release */ = {
			isa = XCBuildConfiguration;
			buildSettings = {
				ALWAYS_EMBED_SWIFT_STANDARD_LIBRARIES = YES;
				BUNDLE_LOADER = "$(TEST_HOST)";
				CODE_SIGN_STYLE = Automatic;
				CURRENT_PROJECT_VERSION = 1;
				GENERATE_INFOPLIST_FILE = YES;
				IPHONEOS_DEPLOYMENT_TARGET = 16.4;
				MARKETING_VERSION = 1.0;
				PRODUCT_BUNDLE_IDENTIFIER = com.paul.cryptoTests;
				PRODUCT_NAME = "$(TARGET_NAME)";
				SWIFT_EMIT_LOC_STRINGS = NO;
				SWIFT_VERSION = 5.0;
				TARGETED_DEVICE_FAMILY = "1,2";
				TEST_HOST = "$(BUILT_PRODUCTS_DIR)/crypto.app/$(BUNDLE_EXECUTABLE_FOLDER_PATH)/crypto";
			};
			name = Release;
		};
		B90F23D12A30C50D00FFB99D /* Debug */ = {
			isa = XCBuildConfiguration;
			buildSettings = {
				ALWAYS_EMBED_SWIFT_STANDARD_LIBRARIES = YES;
				CODE_SIGN_STYLE = Automatic;
				CURRENT_PROJECT_VERSION = 1;
				GENERATE_INFOPLIST_FILE = YES;
				MARKETING_VERSION = 1.0;
				PRODUCT_BUNDLE_IDENTIFIER = com.paul.cryptoUITests;
				PRODUCT_NAME = "$(TARGET_NAME)";
				SWIFT_EMIT_LOC_STRINGS = NO;
				SWIFT_VERSION = 5.0;
				TARGETED_DEVICE_FAMILY = "1,2";
				TEST_TARGET_NAME = crypto;
			};
			name = Debug;
		};
		B90F23D22A30C50D00FFB99D /* Release */ = {
			isa = XCBuildConfiguration;
			buildSettings = {
				ALWAYS_EMBED_SWIFT_STANDARD_LIBRARIES = YES;
				CODE_SIGN_STYLE = Automatic;
				CURRENT_PROJECT_VERSION = 1;
				GENERATE_INFOPLIST_FILE = YES;
				MARKETING_VERSION = 1.0;
				PRODUCT_BUNDLE_IDENTIFIER = com.paul.cryptoUITests;
				PRODUCT_NAME = "$(TARGET_NAME)";
				SWIFT_EMIT_LOC_STRINGS = NO;
				SWIFT_VERSION = 5.0;
				TARGETED_DEVICE_FAMILY = "1,2";
				TEST_TARGET_NAME = crypto;
			};
			name = Release;
		};
/* End XCBuildConfiguration section */

/* Begin XCConfigurationList section */
		B90F23A12A30C50A00FFB99D /* Build configuration list for PBXProject "crypto" */ = {
			isa = XCConfigurationList;
			buildConfigurations = (
				B90F23C82A30C50D00FFB99D /* Debug */,
				B90F23C92A30C50D00FFB99D /* Release */,
			);
			defaultConfigurationIsVisible = 0;
			defaultConfigurationName = Release;
		};
		B90F23CA2A30C50D00FFB99D /* Build configuration list for PBXNativeTarget "crypto" */ = {
			isa = XCConfigurationList;
			buildConfigurations = (
				B90F23CB2A30C50D00FFB99D /* Debug */,
				B90F23CC2A30C50D00FFB99D /* Release */,
			);
			defaultConfigurationIsVisible = 0;
			defaultConfigurationName = Release;
		};
		B90F23CD2A30C50D00FFB99D /* Build configuration list for PBXNativeTarget "cryptoTests" */ = {
			isa = XCConfigurationList;
			buildConfigurations = (
				B90F23CE2A30C50D00FFB99D /* Debug */,
				B90F23CF2A30C50D00FFB99D /* Release */,
			);
			defaultConfigurationIsVisible = 0;
			defaultConfigurationName = Release;
		};
		B90F23D02A30C50D00FFB99D /* Build configuration list for PBXNativeTarget "cryptoUITests" */ = {
			isa = XCConfigurationList;
			buildConfigurations = (
				B90F23D12A30C50D00FFB99D /* Debug */,
				B90F23D22A30C50D00FFB99D /* Release */,
			);
			defaultConfigurationIsVisible = 0;
			defaultConfigurationName = Release;
		};
/* End XCConfigurationList section */

/* Begin XCVersionGroup section */
		B90F23DD2A311B2800FFB99D /* CryptoDataModel.xcdatamodeld */ = {
			isa = XCVersionGroup;
			children = (
				B90F23DE2A311B2800FFB99D /* CryptoDataModel.xcdatamodel */,
			);
			currentVersion = B90F23DE2A311B2800FFB99D /* CryptoDataModel.xcdatamodel */;
			path = CryptoDataModel.xcdatamodeld;
			sourceTree = "<group>";
			versionGroupType = wrapper.xcdatamodel;
		};
/* End XCVersionGroup section */
	};
	rootObject = B90F239E2A30C50A00FFB99D /* Project object */;
}
